// !$*UTF8*$!
{
	archiveVersion = 1;
	classes = {
	};
	objectVersion = 46;
	objects = {

/* Begin PBXBuildFile section */
		CB9C37E21A7DA08200BC27E8 /* main.m in Sources */ = {isa = PBXBuildFile; fileRef = CB9C37E11A7DA08200BC27E8 /* main.m */; };
		CB9C37E51A7DA08200BC27E8 /* AppDelegate.m in Sources */ = {isa = PBXBuildFile; fileRef = CB9C37E41A7DA08200BC27E8 /* AppDelegate.m */; };
		CB9C37E81A7DA08200BC27E8 /* Gobbos.xcdatamodeld in Sources */ = {isa = PBXBuildFile; fileRef = CB9C37E61A7DA08200BC27E8 /* Gobbos.xcdatamodeld */; };
		CB9C37EB1A7DA08200BC27E8 /* ViewController.m in Sources */ = {isa = PBXBuildFile; fileRef = CB9C37EA1A7DA08200BC27E8 /* ViewController.m */; };
		CB9C37EE1A7DA08200BC27E8 /* Main.storyboard in Resources */ = {isa = PBXBuildFile; fileRef = CB9C37EC1A7DA08200BC27E8 /* Main.storyboard */; };
		CB9C37F01A7DA08200BC27E8 /* Images.xcassets in Resources */ = {isa = PBXBuildFile; fileRef = CB9C37EF1A7DA08200BC27E8 /* Images.xcassets */; };
		CB9C37F31A7DA08200BC27E8 /* LaunchScreen.xib in Resources */ = {isa = PBXBuildFile; fileRef = CB9C37F11A7DA08200BC27E8 /* LaunchScreen.xib */; };
		CB9C37FF1A7DA08200BC27E8 /* GobbosTests.m in Sources */ = {isa = PBXBuildFile; fileRef = CB9C37FE1A7DA08200BC27E8 /* GobbosTests.m */; };
		CB9C380B1A7DC4B100BC27E8 /* BoardViewController.m in Sources */ = {isa = PBXBuildFile; fileRef = CB9C38091A7DC4B100BC27E8 /* BoardViewController.m */; };
		CB9C380C1A7DC4B100BC27E8 /* BoardViewController.xib in Resources */ = {isa = PBXBuildFile; fileRef = CB9C380A1A7DC4B100BC27E8 /* BoardViewController.xib */; };
		CB9C380F1A7DC4FF00BC27E8 /* BoardView.m in Sources */ = {isa = PBXBuildFile; fileRef = CB9C380E1A7DC4FF00BC27E8 /* BoardView.m */; };
		CB9C38121A7DC5E700BC27E8 /* Board.m in Sources */ = {isa = PBXBuildFile; fileRef = CB9C38111A7DC5E700BC27E8 /* Board.m */; };
		CB9C38151A7DC61300BC27E8 /* TokenView.m in Sources */ = {isa = PBXBuildFile; fileRef = CB9C38141A7DC61300BC27E8 /* TokenView.m */; };
		CB9C38181A7DC65000BC27E8 /* BoardNode.m in Sources */ = {isa = PBXBuildFile; fileRef = CB9C38171A7DC65000BC27E8 /* BoardNode.m */; };
		CB9C381B1A7DC9A900BC27E8 /* Token.m in Sources */ = {isa = PBXBuildFile; fileRef = CB9C381A1A7DC9A900BC27E8 /* Token.m */; };
		CB9C381E1A81FA6700BC27E8 /* BoardNodeView.m in Sources */ = {isa = PBXBuildFile; fileRef = CB9C381D1A81FA6700BC27E8 /* BoardNodeView.m */; };
		CB9C38201A8346F700BC27E8 /* the_goblin_king_by_brucewhite-d5ns0rz.jpg in Resources */ = {isa = PBXBuildFile; fileRef = CB9C381F1A8346F700BC27E8 /* the_goblin_king_by_brucewhite-d5ns0rz.jpg */; };
		CB9C38221A8348EF00BC27E8 /* Goblin_Scribe.jpg in Resources */ = {isa = PBXBuildFile; fileRef = CB9C38211A8348EF00BC27E8 /* Goblin_Scribe.jpg */; };
/* End PBXBuildFile section */

/* Begin PBXContainerItemProxy section */
		CB9C37F91A7DA08200BC27E8 /* PBXContainerItemProxy */ = {
			isa = PBXContainerItemProxy;
			containerPortal = CB9C37D41A7DA08200BC27E8 /* Project object */;
			proxyType = 1;
			remoteGlobalIDString = CB9C37DB1A7DA08200BC27E8;
			remoteInfo = Gobbos;
		};
/* End PBXContainerItemProxy section */

/* Begin PBXFileReference section */
		CB9C37DC1A7DA08200BC27E8 /* Gobbos.app */ = {isa = PBXFileReference; explicitFileType = wrapper.application; includeInIndex = 0; path = Gobbos.app; sourceTree = BUILT_PRODUCTS_DIR; };
		CB9C37E01A7DA08200BC27E8 /* Info.plist */ = {isa = PBXFileReference; lastKnownFileType = text.plist.xml; path = Info.plist; sourceTree = "<group>"; };
		CB9C37E11A7DA08200BC27E8 /* main.m */ = {isa = PBXFileReference; lastKnownFileType = sourcecode.c.objc; path = main.m; sourceTree = "<group>"; };
		CB9C37E31A7DA08200BC27E8 /* AppDelegate.h */ = {isa = PBXFileReference; lastKnownFileType = sourcecode.c.h; path = AppDelegate.h; sourceTree = "<group>"; };
		CB9C37E41A7DA08200BC27E8 /* AppDelegate.m */ = {isa = PBXFileReference; lastKnownFileType = sourcecode.c.objc; path = AppDelegate.m; sourceTree = "<group>"; };
		CB9C37E71A7DA08200BC27E8 /* Gobbos.xcdatamodel */ = {isa = PBXFileReference; lastKnownFileType = wrapper.xcdatamodel; path = Gobbos.xcdatamodel; sourceTree = "<group>"; };
		CB9C37E91A7DA08200BC27E8 /* ViewController.h */ = {isa = PBXFileReference; lastKnownFileType = sourcecode.c.h; path = ViewController.h; sourceTree = "<group>"; };
		CB9C37EA1A7DA08200BC27E8 /* ViewController.m */ = {isa = PBXFileReference; lastKnownFileType = sourcecode.c.objc; path = ViewController.m; sourceTree = "<group>"; };
		CB9C37ED1A7DA08200BC27E8 /* Base */ = {isa = PBXFileReference; lastKnownFileType = file.storyboard; name = Base; path = Base.lproj/Main.storyboard; sourceTree = "<group>"; };
		CB9C37EF1A7DA08200BC27E8 /* Images.xcassets */ = {isa = PBXFileReference; lastKnownFileType = folder.assetcatalog; path = Images.xcassets; sourceTree = "<group>"; };
		CB9C37F21A7DA08200BC27E8 /* Base */ = {isa = PBXFileReference; lastKnownFileType = file.xib; name = Base; path = Base.lproj/LaunchScreen.xib; sourceTree = "<group>"; };
		CB9C37F81A7DA08200BC27E8 /* GobbosTests.xctest */ = {isa = PBXFileReference; explicitFileType = wrapper.cfbundle; includeInIndex = 0; path = GobbosTests.xctest; sourceTree = BUILT_PRODUCTS_DIR; };
		CB9C37FD1A7DA08200BC27E8 /* Info.plist */ = {isa = PBXFileReference; lastKnownFileType = text.plist.xml; path = Info.plist; sourceTree = "<group>"; };
		CB9C37FE1A7DA08200BC27E8 /* GobbosTests.m */ = {isa = PBXFileReference; lastKnownFileType = sourcecode.c.objc; path = GobbosTests.m; sourceTree = "<group>"; };
		CB9C38081A7DC4B100BC27E8 /* BoardViewController.h */ = {isa = PBXFileReference; fileEncoding = 4; lastKnownFileType = sourcecode.c.h; path = BoardViewController.h; sourceTree = "<group>"; };
		CB9C38091A7DC4B100BC27E8 /* BoardViewController.m */ = {isa = PBXFileReference; fileEncoding = 4; lastKnownFileType = sourcecode.c.objc; path = BoardViewController.m; sourceTree = "<group>"; };
		CB9C380A1A7DC4B100BC27E8 /* BoardViewController.xib */ = {isa = PBXFileReference; fileEncoding = 4; lastKnownFileType = file.xib; path = BoardViewController.xib; sourceTree = "<group>"; };
		CB9C380D1A7DC4FF00BC27E8 /* BoardView.h */ = {isa = PBXFileReference; fileEncoding = 4; lastKnownFileType = sourcecode.c.h; path = BoardView.h; sourceTree = "<group>"; };
		CB9C380E1A7DC4FF00BC27E8 /* BoardView.m */ = {isa = PBXFileReference; fileEncoding = 4; lastKnownFileType = sourcecode.c.objc; path = BoardView.m; sourceTree = "<group>"; };
		CB9C38101A7DC5E700BC27E8 /* Board.h */ = {isa = PBXFileReference; fileEncoding = 4; lastKnownFileType = sourcecode.c.h; path = Board.h; sourceTree = "<group>"; };
		CB9C38111A7DC5E700BC27E8 /* Board.m */ = {isa = PBXFileReference; fileEncoding = 4; lastKnownFileType = sourcecode.c.objc; path = Board.m; sourceTree = "<group>"; };
		CB9C38131A7DC61300BC27E8 /* TokenView.h */ = {isa = PBXFileReference; fileEncoding = 4; lastKnownFileType = sourcecode.c.h; path = TokenView.h; sourceTree = "<group>"; };
		CB9C38141A7DC61300BC27E8 /* TokenView.m */ = {isa = PBXFileReference; fileEncoding = 4; lastKnownFileType = sourcecode.c.objc; path = TokenView.m; sourceTree = "<group>"; };
		CB9C38161A7DC65000BC27E8 /* BoardNode.h */ = {isa = PBXFileReference; fileEncoding = 4; lastKnownFileType = sourcecode.c.h; path = BoardNode.h; sourceTree = "<group>"; };
		CB9C38171A7DC65000BC27E8 /* BoardNode.m */ = {isa = PBXFileReference; fileEncoding = 4; lastKnownFileType = sourcecode.c.objc; path = BoardNode.m; sourceTree = "<group>"; };
		CB9C38191A7DC9A900BC27E8 /* Token.h */ = {isa = PBXFileReference; fileEncoding = 4; lastKnownFileType = sourcecode.c.h; path = Token.h; sourceTree = "<group>"; };
		CB9C381A1A7DC9A900BC27E8 /* Token.m */ = {isa = PBXFileReference; fileEncoding = 4; lastKnownFileType = sourcecode.c.objc; path = Token.m; sourceTree = "<group>"; };
		CB9C381C1A81FA6700BC27E8 /* BoardNodeView.h */ = {isa = PBXFileReference; fileEncoding = 4; lastKnownFileType = sourcecode.c.h; path = BoardNodeView.h; sourceTree = "<group>"; };
		CB9C381D1A81FA6700BC27E8 /* BoardNodeView.m */ = {isa = PBXFileReference; fileEncoding = 4; lastKnownFileType = sourcecode.c.objc; path = BoardNodeView.m; sourceTree = "<group>"; };
		CB9C381F1A8346F700BC27E8 /* the_goblin_king_by_brucewhite-d5ns0rz.jpg */ = {isa = PBXFileReference; lastKnownFileType = image.jpeg; path = "the_goblin_king_by_brucewhite-d5ns0rz.jpg"; sourceTree = "<group>"; };
		CB9C38211A8348EF00BC27E8 /* Goblin_Scribe.jpg */ = {isa = PBXFileReference; lastKnownFileType = image.jpeg; path = Goblin_Scribe.jpg; sourceTree = "<group>"; };
/* End PBXFileReference section */

/* Begin PBXFrameworksBuildPhase section */
		CB9C37D91A7DA08200BC27E8 /* Frameworks */ = {
			isa = PBXFrameworksBuildPhase;
			buildActionMask = 2147483647;
			files = (
			);
			runOnlyForDeploymentPostprocessing = 0;
		};
		CB9C37F51A7DA08200BC27E8 /* Frameworks */ = {
			isa = PBXFrameworksBuildPhase;
			buildActionMask = 2147483647;
			files = (
			);
			runOnlyForDeploymentPostprocessing = 0;
		};
/* End PBXFrameworksBuildPhase section */

/* Begin PBXGroup section */
		CB9C37D31A7DA08200BC27E8 = {
			isa = PBXGroup;
			children = (
				CB9C37DE1A7DA08200BC27E8 /* Gobbos */,
				CB9C37FB1A7DA08200BC27E8 /* GobbosTests */,
				CB9C37DD1A7DA08200BC27E8 /* Products */,
			);
			sourceTree = "<group>";
		};
		CB9C37DD1A7DA08200BC27E8 /* Products */ = {
			isa = PBXGroup;
			children = (
				CB9C37DC1A7DA08200BC27E8 /* Gobbos.app */,
				CB9C37F81A7DA08200BC27E8 /* GobbosTests.xctest */,
			);
			name = Products;
			sourceTree = "<group>";
		};
		CB9C37DE1A7DA08200BC27E8 /* Gobbos */ = {
			isa = PBXGroup;
			children = (
				CB9C37E31A7DA08200BC27E8 /* AppDelegate.h */,
				CB9C37E41A7DA08200BC27E8 /* AppDelegate.m */,
				CB9C37E91A7DA08200BC27E8 /* ViewController.h */,
				CB9C37EA1A7DA08200BC27E8 /* ViewController.m */,
				CB9C37EC1A7DA08200BC27E8 /* Main.storyboard */,
				CB9C37EF1A7DA08200BC27E8 /* Images.xcassets */,
				CB9C37F11A7DA08200BC27E8 /* LaunchScreen.xib */,
				CB9C37E61A7DA08200BC27E8 /* Gobbos.xcdatamodeld */,
				CB9C37DF1A7DA08200BC27E8 /* Supporting Files */,
				CB9C38081A7DC4B100BC27E8 /* BoardViewController.h */,
				CB9C38091A7DC4B100BC27E8 /* BoardViewController.m */,
				CB9C380A1A7DC4B100BC27E8 /* BoardViewController.xib */,
				CB9C38101A7DC5E700BC27E8 /* Board.h */,
				CB9C38111A7DC5E700BC27E8 /* Board.m */,
				CB9C380D1A7DC4FF00BC27E8 /* BoardView.h */,
				CB9C380E1A7DC4FF00BC27E8 /* BoardView.m */,
				CB9C38161A7DC65000BC27E8 /* BoardNode.h */,
				CB9C38171A7DC65000BC27E8 /* BoardNode.m */,
				CB9C381C1A81FA6700BC27E8 /* BoardNodeView.h */,
				CB9C381D1A81FA6700BC27E8 /* BoardNodeView.m */,
				CB9C38191A7DC9A900BC27E8 /* Token.h */,
				CB9C381A1A7DC9A900BC27E8 /* Token.m */,
				CB9C38131A7DC61300BC27E8 /* TokenView.h */,
				CB9C38141A7DC61300BC27E8 /* TokenView.m */,
			);
			path = Gobbos;
			sourceTree = "<group>";
		};
		CB9C37DF1A7DA08200BC27E8 /* Supporting Files */ = {
			isa = PBXGroup;
			children = (
				CB9C38211A8348EF00BC27E8 /* Goblin_Scribe.jpg */,
				CB9C381F1A8346F700BC27E8 /* the_goblin_king_by_brucewhite-d5ns0rz.jpg */,
				CB9C37E01A7DA08200BC27E8 /* Info.plist */,
				CB9C37E11A7DA08200BC27E8 /* main.m */,
			);
			name = "Supporting Files";
			sourceTree = "<group>";
		};
		CB9C37FB1A7DA08200BC27E8 /* GobbosTests */ = {
			isa = PBXGroup;
			children = (
				CB9C37FE1A7DA08200BC27E8 /* GobbosTests.m */,
				CB9C37FC1A7DA08200BC27E8 /* Supporting Files */,
			);
			path = GobbosTests;
			sourceTree = "<group>";
		};
		CB9C37FC1A7DA08200BC27E8 /* Supporting Files */ = {
			isa = PBXGroup;
			children = (
				CB9C37FD1A7DA08200BC27E8 /* Info.plist */,
			);
			name = "Supporting Files";
			sourceTree = "<group>";
		};
/* End PBXGroup section */

/* Begin PBXNativeTarget section */
		CB9C37DB1A7DA08200BC27E8 /* Gobbos */ = {
			isa = PBXNativeTarget;
			buildConfigurationList = CB9C38021A7DA08200BC27E8 /* Build configuration list for PBXNativeTarget "Gobbos" */;
			buildPhases = (
				CB9C37D81A7DA08200BC27E8 /* Sources */,
				CB9C37D91A7DA08200BC27E8 /* Frameworks */,
				CB9C37DA1A7DA08200BC27E8 /* Resources */,
			);
			buildRules = (
			);
			dependencies = (
			);
			name = Gobbos;
			productName = Gobbos;
			productReference = CB9C37DC1A7DA08200BC27E8 /* Gobbos.app */;
			productType = "com.apple.product-type.application";
		};
		CB9C37F71A7DA08200BC27E8 /* GobbosTests */ = {
			isa = PBXNativeTarget;
			buildConfigurationList = CB9C38051A7DA08200BC27E8 /* Build configuration list for PBXNativeTarget "GobbosTests" */;
			buildPhases = (
				CB9C37F41A7DA08200BC27E8 /* Sources */,
				CB9C37F51A7DA08200BC27E8 /* Frameworks */,
				CB9C37F61A7DA08200BC27E8 /* Resources */,
			);
			buildRules = (
			);
			dependencies = (
				CB9C37FA1A7DA08200BC27E8 /* PBXTargetDependency */,
			);
			name = GobbosTests;
			productName = GobbosTests;
			productReference = CB9C37F81A7DA08200BC27E8 /* GobbosTests.xctest */;
			productType = "com.apple.product-type.bundle.unit-test";
		};
/* End PBXNativeTarget section */

/* Begin PBXProject section */
		CB9C37D41A7DA08200BC27E8 /* Project object */ = {
			isa = PBXProject;
			attributes = {
				LastUpgradeCheck = 0610;
				ORGANIZATIONNAME = komick;
				TargetAttributes = {
					CB9C37DB1A7DA08200BC27E8 = {
						CreatedOnToolsVersion = 6.1.1;
					};
					CB9C37F71A7DA08200BC27E8 = {
						CreatedOnToolsVersion = 6.1.1;
						TestTargetID = CB9C37DB1A7DA08200BC27E8;
					};
				};
			};
			buildConfigurationList = CB9C37D71A7DA08200BC27E8 /* Build configuration list for PBXProject "Gobbos" */;
			compatibilityVersion = "Xcode 3.2";
			developmentRegion = English;
			hasScannedForEncodings = 0;
			knownRegions = (
				en,
				Base,
			);
			mainGroup = CB9C37D31A7DA08200BC27E8;
			productRefGroup = CB9C37DD1A7DA08200BC27E8 /* Products */;
			projectDirPath = "";
			projectRoot = "";
			targets = (
				CB9C37DB1A7DA08200BC27E8 /* Gobbos */,
				CB9C37F71A7DA08200BC27E8 /* GobbosTests */,
			);
		};
/* End PBXProject section */

/* Begin PBXResourcesBuildPhase section */
		CB9C37DA1A7DA08200BC27E8 /* Resources */ = {
			isa = PBXResourcesBuildPhase;
			buildActionMask = 2147483647;
			files = (
				CB9C37EE1A7DA08200BC27E8 /* Main.storyboard in Resources */,
				CB9C37F31A7DA08200BC27E8 /* LaunchScreen.xib in Resources */,
				CB9C38221A8348EF00BC27E8 /* Goblin_Scribe.jpg in Resources */,
				CB9C37F01A7DA08200BC27E8 /* Images.xcassets in Resources */,
				CB9C380C1A7DC4B100BC27E8 /* BoardViewController.xib in Resources */,
				CB9C38201A8346F700BC27E8 /* the_goblin_king_by_brucewhite-d5ns0rz.jpg in Resources */,
			);
			runOnlyForDeploymentPostprocessing = 0;
		};
		CB9C37F61A7DA08200BC27E8 /* Resources */ = {
			isa = PBXResourcesBuildPhase;
			buildActionMask = 2147483647;
			files = (
			);
			runOnlyForDeploymentPostprocessing = 0;
		};
/* End PBXResourcesBuildPhase section */

/* Begin PBXSourcesBuildPhase section */
		CB9C37D81A7DA08200BC27E8 /* Sources */ = {
			isa = PBXSourcesBuildPhase;
			buildActionMask = 2147483647;
			files = (
				CB9C38121A7DC5E700BC27E8 /* Board.m in Sources */,
				CB9C381B1A7DC9A900BC27E8 /* Token.m in Sources */,
				CB9C37E81A7DA08200BC27E8 /* Gobbos.xcdatamodeld in Sources */,
				CB9C38151A7DC61300BC27E8 /* TokenView.m in Sources */,
				CB9C380B1A7DC4B100BC27E8 /* BoardViewController.m in Sources */,
				CB9C37E51A7DA08200BC27E8 /* AppDelegate.m in Sources */,
				CB9C38181A7DC65000BC27E8 /* BoardNode.m in Sources */,
				CB9C37EB1A7DA08200BC27E8 /* ViewController.m in Sources */,
				CB9C37E21A7DA08200BC27E8 /* main.m in Sources */,
				CB9C380F1A7DC4FF00BC27E8 /* BoardView.m in Sources */,
				CB9C381E1A81FA6700BC27E8 /* BoardNodeView.m in Sources */,
			);
			runOnlyForDeploymentPostprocessing = 0;
		};
		CB9C37F41A7DA08200BC27E8 /* Sources */ = {
			isa = PBXSourcesBuildPhase;
			buildActionMask = 2147483647;
			files = (
				CB9C37FF1A7DA08200BC27E8 /* GobbosTests.m in Sources */,
			);
			runOnlyForDeploymentPostprocessing = 0;
		};
/* End PBXSourcesBuildPhase section */

/* Begin PBXTargetDependency section */
		CB9C37FA1A7DA08200BC27E8 /* PBXTargetDependency */ = {
			isa = PBXTargetDependency;
			target = CB9C37DB1A7DA08200BC27E8 /* Gobbos */;
			targetProxy = CB9C37F91A7DA08200BC27E8 /* PBXContainerItemProxy */;
		};
/* End PBXTargetDependency section */

/* Begin PBXVariantGroup section */
		CB9C37EC1A7DA08200BC27E8 /* Main.storyboard */ = {
			isa = PBXVariantGroup;
			children = (
				CB9C37ED1A7DA08200BC27E8 /* Base */,
			);
			name = Main.storyboard;
			sourceTree = "<group>";
		};
		CB9C37F11A7DA08200BC27E8 /* LaunchScreen.xib */ = {
			isa = PBXVariantGroup;
			children = (
				CB9C37F21A7DA08200BC27E8 /* Base */,
			);
			name = LaunchScreen.xib;
			sourceTree = "<group>";
		};
/* End PBXVariantGroup section */

/* Begin XCBuildConfiguration section */
		CB9C38001A7DA08200BC27E8 /* Debug */ = {
			isa = XCBuildConfiguration;
			buildSettings = {
				ALWAYS_SEARCH_USER_PATHS = NO;
				CLANG_CXX_LANGUAGE_STANDARD = "gnu++0x";
				CLANG_CXX_LIBRARY = "libc++";
				CLANG_ENABLE_MODULES = YES;
				CLANG_ENABLE_OBJC_ARC = YES;
				CLANG_WARN_BOOL_CONVERSION = YES;
				CLANG_WARN_CONSTANT_CONVERSION = YES;
				CLANG_WARN_DIRECT_OBJC_ISA_USAGE = YES_ERROR;
				CLANG_WARN_EMPTY_BODY = YES;
				CLANG_WARN_ENUM_CONVERSION = YES;
				CLANG_WARN_INT_CONVERSION = YES;
				CLANG_WARN_OBJC_ROOT_CLASS = YES_ERROR;
				CLANG_WARN_UNREACHABLE_CODE = YES;
				CLANG_WARN__DUPLICATE_METHOD_MATCH = YES;
				"CODE_SIGN_IDENTITY[sdk=iphoneos*]" = "iPhone Developer";
				COPY_PHASE_STRIP = NO;
				ENABLE_STRICT_OBJC_MSGSEND = YES;
				GCC_C_LANGUAGE_STANDARD = gnu99;
				GCC_DYNAMIC_NO_PIC = NO;
				GCC_OPTIMIZATION_LEVEL = 0;
				GCC_PREPROCESSOR_DEFINITIONS = (
					"DEBUG=1",
					"$(inherited)",
				);
				GCC_SYMBOLS_PRIVATE_EXTERN = NO;
				GCC_WARN_64_TO_32_BIT_CONVERSION = YES;
				GCC_WARN_ABOUT_RETURN_TYPE = YES_ERROR;
				GCC_WARN_UNDECLARED_SELECTOR = YES;
				GCC_WARN_UNINITIALIZED_AUTOS = YES_AGGRESSIVE;
				GCC_WARN_UNUSED_FUNCTION = YES;
				GCC_WARN_UNUSED_VARIABLE = YES;
				IPHONEOS_DEPLOYMENT_TARGET = 8.1;
				MTL_ENABLE_DEBUG_INFO = YES;
				ONLY_ACTIVE_ARCH = YES;
				SDKROOT = iphoneos;
				TARGETED_DEVICE_FAMILY = "1,2";
			};
			name = Debug;
		};
		CB9C38011A7DA08200BC27E8 /* Release */ = {
			isa = XCBuildConfiguration;
			buildSettings = {
				ALWAYS_SEARCH_USER_PATHS = NO;
				CLANG_CXX_LANGUAGE_STANDARD = "gnu++0x";
				CLANG_CXX_LIBRARY = "libc++";
				CLANG_ENABLE_MODULES = YES;
				CLANG_ENABLE_OBJC_ARC = YES;
				CLANG_WARN_BOOL_CONVERSION = YES;
				CLANG_WARN_CONSTANT_CONVERSION = YES;
				CLANG_WARN_DIRECT_OBJC_ISA_USAGE = YES_ERROR;
				CLANG_WARN_EMPTY_BODY = YES;
				CLANG_WARN_ENUM_CONVERSION = YES;
				CLANG_WARN_INT_CONVERSION = YES;
				CLANG_WARN_OBJC_ROOT_CLASS = YES_ERROR;
				CLANG_WARN_UNREACHABLE_CODE = YES;
				CLANG_WARN__DUPLICATE_METHOD_MATCH = YES;
				"CODE_SIGN_IDENTITY[sdk=iphoneos*]" = "iPhone Developer";
				COPY_PHASE_STRIP = YES;
				ENABLE_NS_ASSERTIONS = NO;
				ENABLE_STRICT_OBJC_MSGSEND = YES;
				GCC_C_LANGUAGE_STANDARD = gnu99;
				GCC_WARN_64_TO_32_BIT_CONVERSION = YES;
				GCC_WARN_ABOUT_RETURN_TYPE = YES_ERROR;
				GCC_WARN_UNDECLARED_SELECTOR = YES;
				GCC_WARN_UNINITIALIZED_AUTOS = YES_AGGRESSIVE;
				GCC_WARN_UNUSED_FUNCTION = YES;
				GCC_WARN_UNUSED_VARIABLE = YES;
				IPHONEOS_DEPLOYMENT_TARGET = 8.1;
				MTL_ENABLE_DEBUG_INFO = NO;
				SDKROOT = iphoneos;
				TARGETED_DEVICE_FAMILY = "1,2";
				VALIDATE_PRODUCT = YES;
			};
			name = Release;
		};
		CB9C38031A7DA08200BC27E8 /* Debug */ = {
			isa = XCBuildConfiguration;
			buildSettings = {
				ASSETCATALOG_COMPILER_APPICON_NAME = AppIcon;
				INFOPLIST_FILE = Gobbos/Info.plist;
				LD_RUNPATH_SEARCH_PATHS = "$(inherited) @executable_path/Frameworks";
				PRODUCT_NAME = "$(TARGET_NAME)";
				TARGETED_DEVICE_FAMILY = 1;
			};
			name = Debug;
		};
		CB9C38041A7DA08200BC27E8 /* Release */ = {
			isa = XCBuildConfiguration;
			buildSettings = {
				ASSETCATALOG_COMPILER_APPICON_NAME = AppIcon;
				INFOPLIST_FILE = Gobbos/Info.plist;
				LD_RUNPATH_SEARCH_PATHS = "$(inherited) @executable_path/Frameworks";
				PRODUCT_NAME = "$(TARGET_NAME)";
				TARGETED_DEVICE_FAMILY = 1;
			};
			name = Release;
		};
		CB9C38061A7DA08200BC27E8 /* Debug */ = {
			isa = XCBuildConfiguration;
			buildSettings = {
				BUNDLE_LOADER = "$(TEST_HOST)";
				FRAMEWORK_SEARCH_PATHS = (
					"$(SDKROOT)/Developer/Library/Frameworks",
					"$(inherited)",
				);
				GCC_PREPROCESSOR_DEFINITIONS = (
					"DEBUG=1",
					"$(inherited)",
				);
				INFOPLIST_FILE = GobbosTests/Info.plist;
				LD_RUNPATH_SEARCH_PATHS = "$(inherited) @executable_path/Frameworks @loader_path/Frameworks";
				PRODUCT_NAME = "$(TARGET_NAME)";
				TEST_HOST = "$(BUILT_PRODUCTS_DIR)/Gobbos.app/Gobbos";
			};
			name = Debug;
		};
		CB9C38071A7DA08200BC27E8 /* Release */ = {
			isa = XCBuildConfiguration;
			buildSettings = {
				BUNDLE_LOADER = "$(TEST_HOST)";
				FRAMEWORK_SEARCH_PATHS = (
					"$(SDKROOT)/Developer/Library/Frameworks",
					"$(inherited)",
				);
				INFOPLIST_FILE = GobbosTests/Info.plist;
				LD_RUNPATH_SEARCH_PATHS = "$(inherited) @executable_path/Frameworks @loader_path/Frameworks";
				PRODUCT_NAME = "$(TARGET_NAME)";
				TEST_HOST = "$(BUILT_PRODUCTS_DIR)/Gobbos.app/Gobbos";
			};
			name = Release;
		};
/* End XCBuildConfiguration section */

/* Begin XCConfigurationList section */
		CB9C37D71A7DA08200BC27E8 /* Build configuration list for PBXProject "Gobbos" */ = {
			isa = XCConfigurationList;
			buildConfigurations = (
				CB9C38001A7DA08200BC27E8 /* Debug */,
				CB9C38011A7DA08200BC27E8 /* Release */,
			);
			defaultConfigurationIsVisible = 0;
			defaultConfigurationName = Release;
		};
		CB9C38021A7DA08200BC27E8 /* Build configuration list for PBXNativeTarget "Gobbos" */ = {
			isa = XCConfigurationList;
			buildConfigurations = (
				CB9C38031A7DA08200BC27E8 /* Debug */,
				CB9C38041A7DA08200BC27E8 /* Release */,
			);
			defaultConfigurationIsVisible = 0;
		};
		CB9C38051A7DA08200BC27E8 /* Build configuration list for PBXNativeTarget "GobbosTests" */ = {
			isa = XCConfigurationList;
			buildConfigurations = (
				CB9C38061A7DA08200BC27E8 /* Debug */,
				CB9C38071A7DA08200BC27E8 /* Release */,
			);
			defaultConfigurationIsVisible = 0;
		};
/* End XCConfigurationList section */

/* Begin XCVersionGroup section */
		CB9C37E61A7DA08200BC27E8 /* Gobbos.xcdatamodeld */ = {
			isa = XCVersionGroup;
			children = (
				CB9C37E71A7DA08200BC27E8 /* Gobbos.xcdatamodel */,
			);
			currentVersion = CB9C37E71A7DA08200BC27E8 /* Gobbos.xcdatamodel */;
			path = Gobbos.xcdatamodeld;
			sourceTree = "<group>";
			versionGroupType = wrapper.xcdatamodel;
		};
/* End XCVersionGroup section */
	};
	rootObject = CB9C37D41A7DA08200BC27E8 /* Project object */;
}
